// !$*UTF8*$!
{
	archiveVersion = 1;
	classes = {
	};
	objectVersion = 51;
	objects = {

/* Begin PBXBuildFile section */
		C99E92B126531FF600BB20A9 /* AppDelegate.swift in Sources */ = {isa = PBXBuildFile; fileRef = C99E92B026531FF600BB20A9 /* AppDelegate.swift */; };
		C99E92B326531FF600BB20A9 /* SceneDelegate.swift in Sources */ = {isa = PBXBuildFile; fileRef = C99E92B226531FF600BB20A9 /* SceneDelegate.swift */; };
		C99E92B526531FF600BB20A9 /* OrderViewController.swift in Sources */ = {isa = PBXBuildFile; fileRef = C99E92B426531FF600BB20A9 /* OrderViewController.swift */; };
		C99E92B826531FF600BB20A9 /* Main.storyboard in Resources */ = {isa = PBXBuildFile; fileRef = C99E92B626531FF600BB20A9 /* Main.storyboard */; };
		C99E92BA26531FF800BB20A9 /* Assets.xcassets in Resources */ = {isa = PBXBuildFile; fileRef = C99E92B926531FF800BB20A9 /* Assets.xcassets */; };
		C99E92BD26531FF800BB20A9 /* LaunchScreen.storyboard in Resources */ = {isa = PBXBuildFile; fileRef = C99E92BB26531FF800BB20A9 /* LaunchScreen.storyboard */; };
		C99E92C62653212300BB20A9 /* Order.swift in Sources */ = {isa = PBXBuildFile; fileRef = C99E92C52653212300BB20A9 /* Order.swift */; };
		C99E92C8265321A300BB20A9 /* GoogleService-Info.plist in Resources */ = {isa = PBXBuildFile; fileRef = C99E92C7265321A300BB20A9 /* GoogleService-Info.plist */; };
		C99E92CB2653225200BB20A9 /* FirebaseHelper.swift in Sources */ = {isa = PBXBuildFile; fileRef = C99E92CA2653225200BB20A9 /* FirebaseHelper.swift */; };
		C99E92CD2653229800BB20A9 /* CoffeeType.swift in Sources */ = {isa = PBXBuildFile; fileRef = C99E92CC2653229800BB20A9 /* CoffeeType.swift */; };
		C99E92CF2653235100BB20A9 /* CupSize.swift in Sources */ = {isa = PBXBuildFile; fileRef = C99E92CE2653235100BB20A9 /* CupSize.swift */; };
		C99E92D226533A3500BB20A9 /* OrdersTableViewController.swift in Sources */ = {isa = PBXBuildFile; fileRef = C99E92D126533A3500BB20A9 /* OrdersTableViewController.swift */; };
		F8E86E3B98C52E2CFEEB62F1 /* Pods_FarithulInzamam_MyOrder.framework in Frameworks */ = {isa = PBXBuildFile; fileRef = B6867DC4F7B9168654A5057C /* Pods_FarithulInzamam_MyOrder.framework */; };
/* End PBXBuildFile section */

/* Begin PBXFileReference section */
		476B543396122D4479BA5535 /* Pods-FarithulInzamam_MyOrder.debug.xcconfig */ = {isa = PBXFileReference; includeInIndex = 1; lastKnownFileType = text.xcconfig; name = "Pods-FarithulInzamam_MyOrder.debug.xcconfig"; path = "Target Support Files/Pods-FarithulInzamam_MyOrder/Pods-FarithulInzamam_MyOrder.debug.xcconfig"; sourceTree = "<group>"; };
		B6867DC4F7B9168654A5057C /* Pods_FarithulInzamam_MyOrder.framework */ = {isa = PBXFileReference; explicitFileType = wrapper.framework; includeInIndex = 0; path = Pods_FarithulInzamam_MyOrder.framework; sourceTree = BUILT_PRODUCTS_DIR; };
		C99E92AD26531FF600BB20A9 /* FarithulInzamam_MyOrder.app */ = {isa = PBXFileReference; explicitFileType = wrapper.application; includeInIndex = 0; path = FarithulInzamam_MyOrder.app; sourceTree = BUILT_PRODUCTS_DIR; };
		C99E92B026531FF600BB20A9 /* AppDelegate.swift */ = {isa = PBXFileReference; lastKnownFileType = sourcecode.swift; path = AppDelegate.swift; sourceTree = "<group>"; };
		C99E92B226531FF600BB20A9 /* SceneDelegate.swift */ = {isa = PBXFileReference; lastKnownFileType = sourcecode.swift; path = SceneDelegate.swift; sourceTree = "<group>"; };
		C99E92B426531FF600BB20A9 /* OrderViewController.swift */ = {isa = PBXFileReference; lastKnownFileType = sourcecode.swift; path = OrderViewController.swift; sourceTree = "<group>"; };
		C99E92B726531FF600BB20A9 /* Base */ = {isa = PBXFileReference; lastKnownFileType = file.storyboard; name = Base; path = Base.lproj/Main.storyboard; sourceTree = "<group>"; };
		C99E92B926531FF800BB20A9 /* Assets.xcassets */ = {isa = PBXFileReference; lastKnownFileType = folder.assetcatalog; path = Assets.xcassets; sourceTree = "<group>"; };
		C99E92BC26531FF800BB20A9 /* Base */ = {isa = PBXFileReference; lastKnownFileType = file.storyboard; name = Base; path = Base.lproj/LaunchScreen.storyboard; sourceTree = "<group>"; };
		C99E92BE26531FF800BB20A9 /* Info.plist */ = {isa = PBXFileReference; lastKnownFileType = text.plist.xml; path = Info.plist; sourceTree = "<group>"; };
		C99E92C52653212300BB20A9 /* Order.swift */ = {isa = PBXFileReference; lastKnownFileType = sourcecode.swift; path = Order.swift; sourceTree = "<group>"; };
		C99E92C7265321A300BB20A9 /* GoogleService-Info.plist */ = {isa = PBXFileReference; fileEncoding = 4; lastKnownFileType = text.plist.xml; path = "GoogleService-Info.plist"; sourceTree = "<group>"; };
		C99E92CA2653225200BB20A9 /* FirebaseHelper.swift */ = {isa = PBXFileReference; lastKnownFileType = sourcecode.swift; path = FirebaseHelper.swift; sourceTree = "<group>"; };
		C99E92CC2653229800BB20A9 /* CoffeeType.swift */ = {isa = PBXFileReference; lastKnownFileType = sourcecode.swift; path = CoffeeType.swift; sourceTree = "<group>"; };
		C99E92CE2653235100BB20A9 /* CupSize.swift */ = {isa = PBXFileReference; lastKnownFileType = sourcecode.swift; path = CupSize.swift; sourceTree = "<group>"; };
		C99E92D126533A3500BB20A9 /* OrdersTableViewController.swift */ = {isa = PBXFileReference; lastKnownFileType = sourcecode.swift; path = OrdersTableViewController.swift; sourceTree = "<group>"; };
		FC5CB9362C5D724E7B47EAB7 /* Pods-FarithulInzamam_MyOrder.release.xcconfig */ = {isa = PBXFileReference; includeInIndex = 1; lastKnownFileType = text.xcconfig; name = "Pods-FarithulInzamam_MyOrder.release.xcconfig"; path = "Target Support Files/Pods-FarithulInzamam_MyOrder/Pods-FarithulInzamam_MyOrder.release.xcconfig"; sourceTree = "<group>"; };
/* End PBXFileReference section */

/* Begin PBXFrameworksBuildPhase section */
		C99E92AA26531FF600BB20A9 /* Frameworks */ = {
			isa = PBXFrameworksBuildPhase;
			buildActionMask = 2147483647;
			files = (
				F8E86E3B98C52E2CFEEB62F1 /* Pods_FarithulInzamam_MyOrder.framework in Frameworks */,
			);
			runOnlyForDeploymentPostprocessing = 0;
		};
/* End PBXFrameworksBuildPhase section */

/* Begin PBXGroup section */
		15F9A3B2E3E618748A5712A8 /* Pods */ = {
			isa = PBXGroup;
			children = (
				476B543396122D4479BA5535 /* Pods-FarithulInzamam_MyOrder.debug.xcconfig */,
				FC5CB9362C5D724E7B47EAB7 /* Pods-FarithulInzamam_MyOrder.release.xcconfig */,
			);
			path = Pods;
			sourceTree = "<group>";
		};
		80144D05CBB1D923784DBD07 /* Frameworks */ = {
			isa = PBXGroup;
			children = (
				B6867DC4F7B9168654A5057C /* Pods_FarithulInzamam_MyOrder.framework */,
			);
			name = Frameworks;
			sourceTree = "<group>";
		};
		C99E92A426531FF600BB20A9 = {
			isa = PBXGroup;
			children = (
				C99E92AF26531FF600BB20A9 /* FarithulInzamam_MyOrder */,
				C99E92AE26531FF600BB20A9 /* Products */,
				15F9A3B2E3E618748A5712A8 /* Pods */,
				80144D05CBB1D923784DBD07 /* Frameworks */,
			);
			sourceTree = "<group>";
		};
		C99E92AE26531FF600BB20A9 /* Products */ = {
			isa = PBXGroup;
			children = (
				C99E92AD26531FF600BB20A9 /* FarithulInzamam_MyOrder.app */,
			);
			name = Products;
			sourceTree = "<group>";
		};
		C99E92AF26531FF600BB20A9 /* FarithulInzamam_MyOrder */ = {
			isa = PBXGroup;
			children = (
				C99E92C92653224100BB20A9 /* Helper */,
				C99E92C42653211600BB20A9 /* Models */,
				C99E92D026533A0300BB20A9 /* Controllers */,
				C99E92B026531FF600BB20A9 /* AppDelegate.swift */,
				C99E92B226531FF600BB20A9 /* SceneDelegate.swift */,
				C99E92C7265321A300BB20A9 /* GoogleService-Info.plist */,
				C99E92B626531FF600BB20A9 /* Main.storyboard */,
				C99E92B926531FF800BB20A9 /* Assets.xcassets */,
				C99E92BB26531FF800BB20A9 /* LaunchScreen.storyboard */,
				C99E92BE26531FF800BB20A9 /* Info.plist */,
			);
			path = FarithulInzamam_MyOrder;
			sourceTree = "<group>";
		};
		C99E92C42653211600BB20A9 /* Models */ = {
			isa = PBXGroup;
			children = (
				C99E92C52653212300BB20A9 /* Order.swift */,
				C99E92CC2653229800BB20A9 /* CoffeeType.swift */,
				C99E92CE2653235100BB20A9 /* CupSize.swift */,
			);
			path = Models;
			sourceTree = "<group>";
		};
		C99E92C92653224100BB20A9 /* Helper */ = {
			isa = PBXGroup;
			children = (
				C99E92CA2653225200BB20A9 /* FirebaseHelper.swift */,
			);
			path = Helper;
			sourceTree = "<group>";
		};
		C99E92D026533A0300BB20A9 /* Controllers */ = {
			isa = PBXGroup;
			children = (
				C99E92B426531FF600BB20A9 /* OrderViewController.swift */,
				C99E92D126533A3500BB20A9 /* OrdersTableViewController.swift */,
			);
			path = Controllers;
			sourceTree = "<group>";
		};
/* End PBXGroup section */

/* Begin PBXNativeTarget section */
		C99E92AC26531FF600BB20A9 /* FarithulInzamam_MyOrder */ = {
			isa = PBXNativeTarget;
			buildConfigurationList = C99E92C126531FF800BB20A9 /* Build configuration list for PBXNativeTarget "FarithulInzamam_MyOrder" */;
			buildPhases = (
				22679622496B33A9C9B992EB /* [CP] Check Pods Manifest.lock */,
				C99E92A926531FF600BB20A9 /* Sources */,
				C99E92AA26531FF600BB20A9 /* Frameworks */,
				C99E92AB26531FF600BB20A9 /* Resources */,
				E16C46109ED5894CF79244A2 /* [CP] Embed Pods Frameworks */,
			);
			buildRules = (
			);
			dependencies = (
			);
			name = FarithulInzamam_MyOrder;
			productName = FarithulInzamam_MyOrder;
			productReference = C99E92AD26531FF600BB20A9 /* FarithulInzamam_MyOrder.app */;
			productType = "com.apple.product-type.application";
		};
/* End PBXNativeTarget section */

/* Begin PBXProject section */
		C99E92A526531FF600BB20A9 /* Project object */ = {
			isa = PBXProject;
			attributes = {
				LastSwiftUpdateCheck = 1250;
				LastUpgradeCheck = 1250;
				TargetAttributes = {
					C99E92AC26531FF600BB20A9 = {
						CreatedOnToolsVersion = 12.5;
					};
				};
			};
			buildConfigurationList = C99E92A826531FF600BB20A9 /* Build configuration list for PBXProject "FarithulInzamam_MyOrder" */;
			compatibilityVersion = "Xcode 9.3";
			developmentRegion = en;
			hasScannedForEncodings = 0;
			knownRegions = (
				en,
				Base,
			);
			mainGroup = C99E92A426531FF600BB20A9;
			productRefGroup = C99E92AE26531FF600BB20A9 /* Products */;
			projectDirPath = "";
			projectRoot = "";
			targets = (
				C99E92AC26531FF600BB20A9 /* FarithulInzamam_MyOrder */,
			);
		};
/* End PBXProject section */

/* Begin PBXResourcesBuildPhase section */
		C99E92AB26531FF600BB20A9 /* Resources */ = {
			isa = PBXResourcesBuildPhase;
			buildActionMask = 2147483647;
			files = (
				C99E92BD26531FF800BB20A9 /* LaunchScreen.storyboard in Resources */,
				C99E92C8265321A300BB20A9 /* GoogleService-Info.plist in Resources */,
				C99E92BA26531FF800BB20A9 /* Assets.xcassets in Resources */,
				C99E92B826531FF600BB20A9 /* Main.storyboard in Resources */,
			);
			runOnlyForDeploymentPostprocessing = 0;
		};
/* End PBXResourcesBuildPhase section */

/* Begin PBXShellScriptBuildPhase section */
		22679622496B33A9C9B992EB /* [CP] Check Pods Manifest.lock */ = {
			isa = PBXShellScriptBuildPhase;
			buildActionMask = 2147483647;
			files = (
			);
			inputFileListPaths = (
			);
			inputPaths = (
				"${PODS_PODFILE_DIR_PATH}/Podfile.lock",
				"${PODS_ROOT}/Manifest.lock",
			);
			name = "[CP] Check Pods Manifest.lock";
			outputFileListPaths = (
			);
			outputPaths = (
				"$(DERIVED_FILE_DIR)/Pods-FarithulInzamam_MyOrder-checkManifestLockResult.txt",
			);
			runOnlyForDeploymentPostprocessing = 0;
			shellPath = /bin/sh;
			shellScript = "diff \"${PODS_PODFILE_DIR_PATH}/Podfile.lock\" \"${PODS_ROOT}/Manifest.lock\" > /dev/null\nif [ $? != 0 ] ; then\n    # print error to STDERR\n    echo \"error: The sandbox is not in sync with the Podfile.lock. Run 'pod install' or update your CocoaPods installation.\" >&2\n    exit 1\nfi\n# This output is used by Xcode 'outputs' to avoid re-running this script phase.\necho \"SUCCESS\" > \"${SCRIPT_OUTPUT_FILE_0}\"\n";
			showEnvVarsInLog = 0;
		};
		E16C46109ED5894CF79244A2 /* [CP] Embed Pods Frameworks */ = {
			isa = PBXShellScriptBuildPhase;
			buildActionMask = 2147483647;
			files = (
			);
			inputFileListPaths = (
				"${PODS_ROOT}/Target Support Files/Pods-FarithulInzamam_MyOrder/Pods-FarithulInzamam_MyOrder-frameworks-${CONFIGURATION}-input-files.xcfilelist",
			);
			name = "[CP] Embed Pods Frameworks";
			outputFileListPaths = (
				"${PODS_ROOT}/Target Support Files/Pods-FarithulInzamam_MyOrder/Pods-FarithulInzamam_MyOrder-frameworks-${CONFIGURATION}-output-files.xcfilelist",
			);
			runOnlyForDeploymentPostprocessing = 0;
			shellPath = /bin/sh;
			shellScript = "\"${PODS_ROOT}/Target Support Files/Pods-FarithulInzamam_MyOrder/Pods-FarithulInzamam_MyOrder-frameworks.sh\"\n";
			showEnvVarsInLog = 0;
		};
/* End PBXShellScriptBuildPhase section */

/* Begin PBXSourcesBuildPhase section */
		C99E92A926531FF600BB20A9 /* Sources */ = {
			isa = PBXSourcesBuildPhase;
			buildActionMask = 2147483647;
			files = (
				C99E92D226533A3500BB20A9 /* OrdersTableViewController.swift in Sources */,
				C99E92B526531FF600BB20A9 /* OrderViewController.swift in Sources */,
				C99E92B126531FF600BB20A9 /* AppDelegate.swift in Sources */,
				C99E92C62653212300BB20A9 /* Order.swift in Sources */,
				C99E92CF2653235100BB20A9 /* CupSize.swift in Sources */,
				C99E92CD2653229800BB20A9 /* CoffeeType.swift in Sources */,
				C99E92B326531FF600BB20A9 /* SceneDelegate.swift in Sources */,
				C99E92CB2653225200BB20A9 /* FirebaseHelper.swift in Sources */,
			);
			runOnlyForDeploymentPostprocessing = 0;
		};
/* End PBXSourcesBuildPhase section */

/* Begin PBXVariantGroup section */
		C99E92B626531FF600BB20A9 /* Main.storyboard */ = {
			isa = PBXVariantGroup;
			children = (
				C99E92B726531FF600BB20A9 /* Base */,
			);
			name = Main.storyboard;
			sourceTree = "<group>";
		};
		C99E92BB26531FF800BB20A9 /* LaunchScreen.storyboard */ = {
			isa = PBXVariantGroup;
			children = (
				C99E92BC26531FF800BB20A9 /* Base */,
			);
			name = LaunchScreen.storyboard;
			sourceTree = "<group>";
		};
/* End PBXVariantGroup section */

/* Begin XCBuildConfiguration section */
		C99E92BF26531FF800BB20A9 /* Debug */ = {
			isa = XCBuildConfiguration;
			buildSettings = {
				ALWAYS_SEARCH_USER_PATHS = NO;
				CLANG_ANALYZER_NONNULL = YES;
				CLANG_ANALYZER_NUMBER_OBJECT_CONVERSION = YES_AGGRESSIVE;
				CLANG_CXX_LANGUAGE_STANDARD = "gnu++14";
				CLANG_CXX_LIBRARY = "libc++";
				CLANG_ENABLE_MODULES = YES;
				CLANG_ENABLE_OBJC_ARC = YES;
				CLANG_ENABLE_OBJC_WEAK = YES;
				CLANG_WARN_BLOCK_CAPTURE_AUTORELEASING = YES;
				CLANG_WARN_BOOL_CONVERSION = YES;
				CLANG_WARN_COMMA = YES;
				CLANG_WARN_CONSTANT_CONVERSION = YES;
				CLANG_WARN_DEPRECATED_OBJC_IMPLEMENTATIONS = YES;
				CLANG_WARN_DIRECT_OBJC_ISA_USAGE = YES_ERROR;
				CLANG_WARN_DOCUMENTATION_COMMENTS = YES;
				CLANG_WARN_EMPTY_BODY = YES;
				CLANG_WARN_ENUM_CONVERSION = YES;
				CLANG_WARN_INFINITE_RECURSION = YES;
				CLANG_WARN_INT_CONVERSION = YES;
				CLANG_WARN_NON_LITERAL_NULL_CONVERSION = YES;
				CLANG_WARN_OBJC_IMPLICIT_RETAIN_SELF = YES;
				CLANG_WARN_OBJC_LITERAL_CONVERSION = YES;
				CLANG_WARN_OBJC_ROOT_CLASS = YES_ERROR;
				CLANG_WARN_QUOTED_INCLUDE_IN_FRAMEWORK_HEADER = YES;
				CLANG_WARN_RANGE_LOOP_ANALYSIS = YES;
				CLANG_WARN_STRICT_PROTOTYPES = YES;
				CLANG_WARN_SUSPICIOUS_MOVE = YES;
				CLANG_WARN_UNGUARDED_AVAILABILITY = YES_AGGRESSIVE;
				CLANG_WARN_UNREACHABLE_CODE = YES;
				CLANG_WARN__DUPLICATE_METHOD_MATCH = YES;
				COPY_PHASE_STRIP = NO;
				DEBUG_INFORMATION_FORMAT = dwarf;
				ENABLE_STRICT_OBJC_MSGSEND = YES;
				ENABLE_TESTABILITY = YES;
				GCC_C_LANGUAGE_STANDARD = gnu11;
				GCC_DYNAMIC_NO_PIC = NO;
				GCC_NO_COMMON_BLOCKS = YES;
				GCC_OPTIMIZATION_LEVEL = 0;
				GCC_PREPROCESSOR_DEFINITIONS = (
					"DEBUG=1",
					"$(inherited)",
				);
				GCC_WARN_64_TO_32_BIT_CONVERSION = YES;
				GCC_WARN_ABOUT_RETURN_TYPE = YES_ERROR;
				GCC_WARN_UNDECLARED_SELECTOR = YES;
				GCC_WARN_UNINITIALIZED_AUTOS = YES_AGGRESSIVE;
				GCC_WARN_UNUSED_FUNCTION = YES;
				GCC_WARN_UNUSED_VARIABLE = YES;
				IPHONEOS_DEPLOYMENT_TARGET = 14.5;
				MTL_ENABLE_DEBUG_INFO = INCLUDE_SOURCE;
				MTL_FAST_MATH = YES;
				ONLY_ACTIVE_ARCH = YES;
				SDKROOT = iphoneos;
				SWIFT_ACTIVE_COMPILATION_CONDITIONS = DEBUG;
				SWIFT_OPTIMIZATION_LEVEL = "-Onone";
			};
			name = Debug;
		};
		C99E92C026531FF800BB20A9 /* Release */ = {
			isa = XCBuildConfiguration;
			buildSettings = {
				ALWAYS_SEARCH_USER_PATHS = NO;
				CLANG_ANALYZER_NONNULL = YES;
				CLANG_ANALYZER_NUMBER_OBJECT_CONVERSION = YES_AGGRESSIVE;
				CLANG_CXX_LANGUAGE_STANDARD = "gnu++14";
				CLANG_CXX_LIBRARY = "libc++";
				CLANG_ENABLE_MODULES = YES;
				CLANG_ENABLE_OBJC_ARC = YES;
				CLANG_ENABLE_OBJC_WEAK = YES;
				CLANG_WARN_BLOCK_CAPTURE_AUTORELEASING = YES;
				CLANG_WARN_BOOL_CONVERSION = YES;
				CLANG_WARN_COMMA = YES;
				CLANG_WARN_CONSTANT_CONVERSION = YES;
				CLANG_WARN_DEPRECATED_OBJC_IMPLEMENTATIONS = YES;
				CLANG_WARN_DIRECT_OBJC_ISA_USAGE = YES_ERROR;
				CLANG_WARN_DOCUMENTATION_COMMENTS = YES;
				CLANG_WARN_EMPTY_BODY = YES;
				CLANG_WARN_ENUM_CONVERSION = YES;
				CLANG_WARN_INFINITE_RECURSION = YES;
				CLANG_WARN_INT_CONVERSION = YES;
				CLANG_WARN_NON_LITERAL_NULL_CONVERSION = YES;
				CLANG_WARN_OBJC_IMPLICIT_RETAIN_SELF = YES;
				CLANG_WARN_OBJC_LITERAL_CONVERSION = YES;
				CLANG_WARN_OBJC_ROOT_CLASS = YES_ERROR;
				CLANG_WARN_QUOTED_INCLUDE_IN_FRAMEWORK_HEADER = YES;
				CLANG_WARN_RANGE_LOOP_ANALYSIS = YES;
				CLANG_WARN_STRICT_PROTOTYPES = YES;
				CLANG_WARN_SUSPICIOUS_MOVE = YES;
				CLANG_WARN_UNGUARDED_AVAILABILITY = YES_AGGRESSIVE;
				CLANG_WARN_UNREACHABLE_CODE = YES;
				CLANG_WARN__DUPLICATE_METHOD_MATCH = YES;
				COPY_PHASE_STRIP = NO;
				DEBUG_INFORMATION_FORMAT = "dwarf-with-dsym";
				ENABLE_NS_ASSERTIONS = NO;
				ENABLE_STRICT_OBJC_MSGSEND = YES;
				GCC_C_LANGUAGE_STANDARD = gnu11;
				GCC_NO_COMMON_BLOCKS = YES;
				GCC_WARN_64_TO_32_BIT_CONVERSION = YES;
				GCC_WARN_ABOUT_RETURN_TYPE = YES_ERROR;
				GCC_WARN_UNDECLARED_SELECTOR = YES;
				GCC_WARN_UNINITIALIZED_AUTOS = YES_AGGRESSIVE;
				GCC_WARN_UNUSED_FUNCTION = YES;
				GCC_WARN_UNUSED_VARIABLE = YES;
				IPHONEOS_DEPLOYMENT_TARGET = 14.5;
				MTL_ENABLE_DEBUG_INFO = NO;
				MTL_FAST_MATH = YES;
				SDKROOT = iphoneos;
				SWIFT_COMPILATION_MODE = wholemodule;
				SWIFT_OPTIMIZATION_LEVEL = "-O";
				VALIDATE_PRODUCT = YES;
			};
			name = Release;
		};
		C99E92C226531FF800BB20A9 /* Debug */ = {
			isa = XCBuildConfiguration;
			baseConfigurationReference = 476B543396122D4479BA5535 /* Pods-FarithulInzamam_MyOrder.debug.xcconfig */;
			buildSettings = {
				ASSETCATALOG_COMPILER_APPICON_NAME = AppIcon;
				ASSETCATALOG_COMPILER_GLOBAL_ACCENT_COLOR_NAME = AccentColor;
				CODE_SIGN_STYLE = Automatic;
				DEVELOPMENT_TEAM = WE63967ZXR;
				INFOPLIST_FILE = FarithulInzamam_MyOrder/Info.plist;
				LD_RUNPATH_SEARCH_PATHS = (
					"$(inherited)",
					"@executable_path/Frameworks",
				);
				PRODUCT_BUNDLE_IDENTIFIER = "com.inzi.FarithulInzamam-MyOrder";
				PRODUCT_NAME = "$(TARGET_NAME)";
				SWIFT_VERSION = 5.0;
				TARGETED_DEVICE_FAMILY = "1,2";
			};
			name = Debug;
		};
		C99E92C326531FF800BB20A9 /* Release */ = {
			isa = XCBuildConfiguration;
			baseConfigurationReference = FC5CB9362C5D724E7B47EAB7 /* Pods-FarithulInzamam_MyOrder.release.xcconfig */;
			buildSettings = {
				ASSETCATALOG_COMPILER_APPICON_NAME = AppIcon;
				ASSETCATALOG_COMPILER_GLOBAL_ACCENT_COLOR_NAME = AccentColor;
				CODE_SIGN_STYLE = Automatic;
				DEVELOPMENT_TEAM = WE63967ZXR;
				INFOPLIST_FILE = FarithulInzamam_MyOrder/Info.plist;
				LD_RUNPATH_SEARCH_PATHS = (
					"$(inherited)",
					"@executable_path/Frameworks",
				);
				PRODUCT_BUNDLE_IDENTIFIER = "com.inzi.FarithulInzamam-MyOrder";
				PRODUCT_NAME = "$(TARGET_NAME)";
				SWIFT_VERSION = 5.0;
				TARGETED_DEVICE_FAMILY = "1,2";
			};
			name = Release;
		};
/* End XCBuildConfiguration section */

/* Begin XCConfigurationList section */
		C99E92A826531FF600BB20A9 /* Build configuration list for PBXProject "FarithulInzamam_MyOrder" */ = {
			isa = XCConfigurationList;
			buildConfigurations = (
				C99E92BF26531FF800BB20A9 /* Debug */,
				C99E92C026531FF800BB20A9 /* Release */,
			);
			defaultConfigurationIsVisible = 0;
			defaultConfigurationName = Release;
		};
		C99E92C126531FF800BB20A9 /* Build configuration list for PBXNativeTarget "FarithulInzamam_MyOrder" */ = {
			isa = XCConfigurationList;
			buildConfigurations = (
				C99E92C226531FF800BB20A9 /* Debug */,
				C99E92C326531FF800BB20A9 /* Release */,
			);
			defaultConfigurationIsVisible = 0;
			defaultConfigurationName = Release;
		};
/* End XCConfigurationList section */
	};
	rootObject = C99E92A526531FF600BB20A9 /* Project object */;
}
